
Microsoft Visual Studio Solution File, Format Version 12.00
# Visual Studio 15
VisualStudioVersion = 15.0.27130.2020
MinimumVisualStudioVersion = 10.0.40219.1
Project("{FAE04EC0-301F-11D3-BF4B-00C04F79EFBC}") = "EverCraft.Model", "EverCraft.Model\EverCraft.Model.csproj", "{033215B3-FEDB-4450-B3F7-BCA6F2433F3F}"
EndProject
Project("{FAE04EC0-301F-11D3-BF4B-00C04F79EFBC}") = "EverCraft.Tests", "EverCraft.Tests\EverCraft.Tests.csproj", "{CCFD581B-0AB3-4363-8106-77FEDABC056C}"
EndProject
Global
	GlobalSection(SolutionConfigurationPlatforms) = preSolution
		Debug|Any CPU = Debug|Any CPU
		Release|Any CPU = Release|Any CPU
	EndGlobalSection
	GlobalSection(ProjectConfigurationPlatforms) = postSolution
		{033215B3-FEDB-4450-B3F7-BCA6F2433F3F}.Debug|Any CPU.ActiveCfg = Debug|Any CPU
		{033215B3-FEDB-4450-B3F7-BCA6F2433F3F}.Debug|Any CPU.Build.0 = Debug|Any CPU
		{033215B3-FEDB-4450-B3F7-BCA6F2433F3F}.Release|Any CPU.ActiveCfg = Release|Any CPU
		{033215B3-FEDB-4450-B3F7-BCA6F2433F3F}.Release|Any CPU.Build.0 = Release|Any CPU
		{CCFD581B-0AB3-4363-8106-77FEDABC056C}.Debug|Any CPU.ActiveCfg = Debug|Any CPU
		{CCFD581B-0AB3-4363-8106-77FEDABC056C}.Debug|Any CPU.Build.0 = Debug|Any CPU
		{CCFD581B-0AB3-4363-8106-77FEDABC056C}.Release|Any CPU.ActiveCfg = Release|Any CPU
		{CCFD581B-0AB3-4363-8106-77FEDABC056C}.Release|Any CPU.Build.0 = Release|Any CPU
	EndGlobalSection
	GlobalSection(SolutionProperties) = preSolution
		HideSolutionNode = FALSE
	EndGlobalSection
	GlobalSection(ExtensibilityGlobals) = postSolution
		SolutionGuid = {72D25794-E3B8-4013-86DA-18C904503827}
	EndGlobalSection
EndGlobal
